{
  "name": "solbase",
  "version": "0.0.1",
  "lockfileVersion": 3,
  "requires": true,
  "packages": {
    "": {
      "name": "solbase",
      "version": "0.0.1",
      "license": "MIT",
      "devDependencies": {
        "husky": "^8.0.0",
        "prettier": "^2.7.1",
        "prettier-plugin-solidity": "^1.0.0-beta.13"
      }
    },
    "node_modules/@solidity-parser/parser": {
      "version": "0.14.5",
      "resolved": "https://registry.npmjs.org/@solidity-parser/parser/-/parser-0.14.5.tgz",
      "integrity": "sha512-6dKnHZn7fg/iQATVEzqyUOyEidbn05q7YA2mQ9hC0MMXhhV3/JrsxmFSYZAcr7j1yUP700LLhTruvJ3MiQmjJg==",
      "dev": true,
      "dependencies": {
        "antlr4ts": "^0.5.0-alpha.4"
      }
    },
    "node_modules/ansi-regex": {
      "version": "5.0.1",
      "resolved": "https://registry.npmjs.org/ansi-regex/-/ansi-regex-5.0.1.tgz",
      "integrity": "sha512-quJQXlTSUGL2LH9SUXo8VwsY4soanhgo6LNSm84E1LBcE8s3O0wpdiRzyR9z/ZZJMlMWv37qOOb9pdJlMUEKFQ==",
      "dev": true,
      "engines": {
        "node": ">=8"
      }
    },
    "node_modules/antlr4ts": {
      "version": "0.5.0-alpha.4",
      "resolved": "https://registry.npmjs.org/antlr4ts/-/antlr4ts-0.5.0-alpha.4.tgz",
      "integrity": "sha512-WPQDt1B74OfPv/IMS2ekXAKkTZIHl88uMetg6q3OTqgFxZ/dxDXI0EWLyZid/1Pe6hTftyg5N7gel5wNAGxXyQ==",
      "dev": true
    },
    "node_modules/emoji-regex": {
      "version": "10.2.1",
      "resolved": "https://registry.npmjs.org/emoji-regex/-/emoji-regex-10.2.1.tgz",
      "integrity": "sha512-97g6QgOk8zlDRdgq1WxwgTMgEWGVAQvB5Fdpgc1MkNy56la5SKP9GsMXKDOdqwn90/41a8yPwIGk1Y6WVbeMQA==",
      "dev": true
    },
    "node_modules/escape-string-regexp": {
      "version": "4.0.0",
      "resolved": "https://registry.npmjs.org/escape-string-regexp/-/escape-string-regexp-4.0.0.tgz",
      "integrity": "sha512-TtpcNJ3XAzx3Gq8sWRzJaVajRs0uVxA2YAkdb1jm2YkPz4G6egUFAyA3n5vtEIZefPk5Wa4UXbKuS5fKkJWdgA==",
      "dev": true,
      "engines": {
        "node": ">=10"
      },
      "funding": {
        "url": "https://github.com/sponsors/sindresorhus"
      }
    },
    "node_modules/husky": {
      "version": "8.0.2",
      "resolved": "https://registry.npmjs.org/husky/-/husky-8.0.2.tgz",
      "integrity": "sha512-Tkv80jtvbnkK3mYWxPZePGFpQ/tT3HNSs/sasF9P2YfkMezDl3ON37YN6jUUI4eTg5LcyVynlb6r4eyvOmspvg==",
      "dev": true,
      "bin": {
        "husky": "lib/bin.js"
      },
      "engines": {
        "node": ">=14"
      },
      "funding": {
        "url": "https://github.com/sponsors/typicode"
      }
    },
    "node_modules/is-fullwidth-code-point": {
      "version": "3.0.0",
      "resolved": "https://registry.npmjs.org/is-fullwidth-code-point/-/is-fullwidth-code-point-3.0.0.tgz",
      "integrity": "sha512-zymm5+u+sCsSWyD9qNaejV3DFvhCKclKdizYaJUuHA83RLjb7nSuGnddCHGv0hk+KY7BMAlsWeK4Ueg6EV6XQg==",
      "dev": true,
      "engines": {
        "node": ">=8"
      }
    },
    "node_modules/lru-cache": {
      "version": "6.0.0",
      "resolved": "https://registry.npmjs.org/lru-cache/-/lru-cache-6.0.0.tgz",
      "integrity": "sha512-Jo6dJ04CmSjuznwJSS3pUeWmd/H0ffTlkXXgwZi+eq1UCmqQwCh+eLsYOYCwY991i2Fah4h1BEMCx4qThGbsiA==",
      "dev": true,
      "dependencies": {
        "yallist": "^4.0.0"
      },
      "engines": {
        "node": ">=10"
      }
    },
    "node_modules/prettier": {
      "version": "2.7.1",
      "resolved": "https://registry.npmjs.org/prettier/-/prettier-2.7.1.tgz",
      "integrity": "sha512-ujppO+MkdPqoVINuDFDRLClm7D78qbDt0/NR+wp5FqEZOoTNAjPHWj17QRhu7geIHJfcNhRk1XVQmF8Bp3ye+g==",
      "dev": true,
      "bin": {
        "prettier": "bin-prettier.js"
      },
      "engines": {
        "node": ">=10.13.0"
      },
      "funding": {
        "url": "https://github.com/prettier/prettier?sponsor=1"
      }
    },
    "node_modules/prettier-plugin-solidity": {
      "version": "1.0.0-rc.1",
      "resolved": "https://registry.npmjs.org/prettier-plugin-solidity/-/prettier-plugin-solidity-1.0.0-rc.1.tgz",
      "integrity": "sha512-horUGyCBbfNHWvJ44UVEcsfVySEoG2gxGs7TcBfTZWNvD4VU6rjzwAkrUtKV6VvRZWn9dh01XZ2UhhB3eVnMXQ==",
      "dev": true,
      "dependencies": {
        "@solidity-parser/parser": "^0.14.5",
        "emoji-regex": "^10.1.0",
        "escape-string-regexp": "^4.0.0",
        "semver": "^7.3.7",
        "solidity-comments-extractor": "^0.0.7",
        "string-width": "^4.2.3"
      },
      "engines": {
        "node": ">=12"
      },
      "peerDependencies": {
        "prettier": "^2.3.0"
      }
    },
    "node_modules/semver": {
      "version": "7.3.8",
      "resolved": "https://registry.npmjs.org/semver/-/semver-7.3.8.tgz",
      "integrity": "sha512-NB1ctGL5rlHrPJtFDVIVzTyQylMLu9N9VICA6HSFJo8MCGVTMW6gfpicwKmmK/dAjTOrqu5l63JJOpDSrAis3A==",
      "dev": true,
      "dependencies": {
        "lru-cache": "^6.0.0"
      },
      "bin": {
        "semver": "bin/semver.js"
      },
      "engines": {
        "node": ">=10"
      }
    },
    "node_modules/solidity-comments-extractor": {
      "version": "0.0.7",
      "resolved": "https://registry.npmjs.org/solidity-comments-extractor/-/solidity-comments-extractor-0.0.7.tgz",
      "integrity": "sha512-wciNMLg/Irp8OKGrh3S2tfvZiZ0NEyILfcRCXCD4mp7SgK/i9gzLfhY2hY7VMCQJ3kH9UB9BzNdibIVMchzyYw==",
      "dev": true
    },
    "node_modules/string-width": {
      "version": "4.2.3",
      "resolved": "https://registry.npmjs.org/string-width/-/string-width-4.2.3.tgz",
      "integrity": "sha512-wKyQRQpjJ0sIp62ErSZdGsjMJWsap5oRNihHhu6G7JVO/9jIB6UyevL+tXuOqrng8j/cxKTWyWUwvSTriiZz/g==",
      "dev": true,
      "dependencies": {
        "emoji-regex": "^8.0.0",
        "is-fullwidth-code-point": "^3.0.0",
        "strip-ansi": "^6.0.1"
      },
      "engines": {
        "node": ">=8"
      }
    },
    "node_modules/string-width/node_modules/emoji-regex": {
      "version": "8.0.0",
      "resolved": "https://registry.npmjs.org/emoji-regex/-/emoji-regex-8.0.0.tgz",
      "integrity": "sha512-MSjYzcWNOA0ewAHpz0MxpYFvwg6yjy1NG3xteoqz644VCo/RPgnr1/GGt+ic3iJTzQ8Eu3TdM14SawnVUmGE6A==",
      "dev": true
    },
    "node_modules/strip-ansi": {
      "version": "6.0.1",
      "resolved": "https://registry.npmjs.org/strip-ansi/-/strip-ansi-6.0.1.tgz",
      "integrity": "sha512-Y38VPSHcqkFrCpFnQ9vuSXmquuv5oXOKpGeT6aGrr3o3Gc9AlVa6JBfUSOCnbxGGZF+/0ooI7KrPuUSztUdU5A==",
      "dev": true,
      "dependencies": {
        "ansi-regex": "^5.0.1"
      },
      "engines": {
        "node": ">=8"
      }
    },
    "node_modules/yallist": {
      "version": "4.0.0",
      "resolved": "https://registry.npmjs.org/yallist/-/yallist-4.0.0.tgz",
      "integrity": "sha512-3wdGidZyq5PB084XLES5TpOSRA3wjXAlIWMhum2kRcv/41Sn2emQ0dycQW4uZXLejwKvg6EsvbdlVL+FYEct7A==",
      "dev": true
    }
  }
}
