lockfileVersion: 5.4

specifiers:
  husky: ^8.0.2
  prettier: ^2.8.1
  prettier-plugin-solidity: ^1.1.1

devDependencies:
  husky: 8.0.2
  prettier: 2.8.1
  prettier-plugin-solidity: 1.1.1_prettier@2.8.1

packages:

  /@solidity-parser/parser/0.14.5:
    resolution: {integrity: sha512-6dKnHZn7fg/iQATVEzqyUOyEidbn05q7YA2mQ9hC0MMXhhV3/JrsxmFSYZAcr7j1yUP700LLhTruvJ3MiQmjJg==}
    dependencies:
      antlr4ts: 0.5.0-alpha.4
    dev: true

  /antlr4ts/0.5.0-alpha.4:
    resolution: {integrity: sha512-WPQDt1B74OfPv/IMS2ekXAKkTZIHl88uMetg6q3OTqgFxZ/dxDXI0EWLyZid/1Pe6hTftyg5N7gel5wNAGxXyQ==}
    dev: true

  /husky/8.0.2:
    resolution: {integrity: sha512-Tkv80jtvbnkK3mYWxPZePGFpQ/tT3HNSs/sasF9P2YfkMezDl3ON37YN6jUUI4eTg5LcyVynlb6r4eyvOmspvg==}
    engines: {node: '>=14'}
    hasBin: true
    dev: true

  /lru-cache/6.0.0:
    resolution: {integrity: sha512-Jo6dJ04CmSjuznwJSS3pUeWmd/H0ffTlkXXgwZi+eq1UCmqQwCh+eLsYOYCwY991i2Fah4h1BEMCx4qThGbsiA==}
    engines: {node: '>=10'}
    dependencies:
      yallist: 4.0.0
    dev: true

  /prettier-plugin-solidity/1.1.1_prettier@2.8.1:
    resolution: {integrity: sha512-uD24KO26tAHF+zMN2nt1OUzfknzza5AgxjogQQrMLZc7j8xiQrDoNWNeOlfFC0YLTwo12CLD10b9niLyP6AqXg==}
    engines: {node: '>=12'}
    peerDependencies:
      prettier: '>=2.3.0 || >=3.0.0-alpha.0'
    dependencies:
      '@solidity-parser/parser': 0.14.5
      prettier: 2.8.1
      semver: 7.3.8
      solidity-comments-extractor: 0.0.7
    dev: true

  /prettier/2.8.1:
    resolution: {integrity: sha512-lqGoSJBQNJidqCHE80vqZJHWHRFoNYsSpP9AjFhlhi9ODCJA541svILes/+/1GM3VaL/abZi7cpFzOpdR9UPKg==}
    engines: {node: '>=10.13.0'}
    hasBin: true
    dev: true

  /semver/7.3.8:
    resolution: {integrity: sha512-NB1ctGL5rlHrPJtFDVIVzTyQylMLu9N9VICA6HSFJo8MCGVTMW6gfpicwKmmK/dAjTOrqu5l63JJOpDSrAis3A==}
    engines: {node: '>=10'}
    hasBin: true
    dependencies:
      lru-cache: 6.0.0
    dev: true

  /solidity-comments-extractor/0.0.7:
    resolution: {integrity: sha512-wciNMLg/Irp8OKGrh3S2tfvZiZ0NEyILfcRCXCD4mp7SgK/i9gzLfhY2hY7VMCQJ3kH9UB9BzNdibIVMchzyYw==}
    dev: true

  /yallist/4.0.0:
    resolution: {integrity: sha512-3wdGidZyq5PB084XLES5TpOSRA3wjXAlIWMhum2kRcv/41Sn2emQ0dycQW4uZXLejwKvg6EsvbdlVL+FYEct7A==}
    dev: true
